PODS:
  - FlashUI (0.5.1)
  - SnapKit (5.0.1)

DEPENDENCIES:
  - FlashUI (~> 0.5.1)
  - SnapKit (~> 5.0.0)

SPEC REPOS:
  trunk:
    - FlashUI
    - SnapKit

SPEC CHECKSUMS:
  FlashUI: d0beed568716550d786eb0532b3c33969011dc9e
  SnapKit: 97b92857e3df3a0c71833cce143274bf6ef8e5eb

PODFILE CHECKSUM: 8c7353304412b37dc5221521bfc09d0c17de51e9

COCOAPODS: 1.8.4
