// !$*UTF8*$!
{
	archiveVersion = 1;
	classes = {
	};
	objectVersion = 51;
	objects = {

/* Begin PBXBuildFile section */
		65AF877F867D848C4B045CA8 /* Pods_MessageList.framework in Frameworks */ = {isa = PBXBuildFile; fileRef = E528A3FA2C3396E058BD5E41 /* Pods_MessageList.framework */; };
		6C9E256FC0BEBD4DB167B588 /* Pods_MessageList_MessageListUITests.framework in Frameworks */ = {isa = PBXBuildFile; fileRef = 7B0494C4A1CE817BD3C2357D /* Pods_MessageList_MessageListUITests.framework */; };
		8363CF1423757ED4005BABD8 /* AppDelegate.swift in Sources */ = {isa = PBXBuildFile; fileRef = 8363CF1323757ED4005BABD8 /* AppDelegate.swift */; };
		8363CF1623757ED4005BABD8 /* SceneDelegate.swift in Sources */ = {isa = PBXBuildFile; fileRef = 8363CF1523757ED4005BABD8 /* SceneDelegate.swift */; };
		8363CF1823757ED4005BABD8 /* ViewController.swift in Sources */ = {isa = PBXBuildFile; fileRef = 8363CF1723757ED4005BABD8 /* ViewController.swift */; };
		8363CF1B23757ED4005BABD8 /* Main.storyboard in Resources */ = {isa = PBXBuildFile; fileRef = 8363CF1923757ED4005BABD8 /* Main.storyboard */; };
		8363CF1D23757ED6005BABD8 /* Assets.xcassets in Resources */ = {isa = PBXBuildFile; fileRef = 8363CF1C23757ED6005BABD8 /* Assets.xcassets */; };
		8363CF2023757ED6005BABD8 /* LaunchScreen.storyboard in Resources */ = {isa = PBXBuildFile; fileRef = 8363CF1E23757ED6005BABD8 /* LaunchScreen.storyboard */; };
		8363CF2B23757ED6005BABD8 /* MessageListUITests.swift in Sources */ = {isa = PBXBuildFile; fileRef = 8363CF2A23757ED6005BABD8 /* MessageListUITests.swift */; };
		8363CF3623757FE2005BABD8 /* MyTableViewCell.swift in Sources */ = {isa = PBXBuildFile; fileRef = 8363CF3523757FE2005BABD8 /* MyTableViewCell.swift */; };
/* End PBXBuildFile section */

/* Begin PBXContainerItemProxy section */
		8363CF2723757ED6005BABD8 /* PBXContainerItemProxy */ = {
			isa = PBXContainerItemProxy;
			containerPortal = 8363CF0823757ED4005BABD8 /* Project object */;
			proxyType = 1;
			remoteGlobalIDString = 8363CF0F23757ED4005BABD8;
			remoteInfo = MessageList;
		};
/* End PBXContainerItemProxy section */

/* Begin PBXFileReference section */
		284AA826366A9CBE51ADE12D /* Pods-MessageList.debug.xcconfig */ = {isa = PBXFileReference; includeInIndex = 1; lastKnownFileType = text.xcconfig; name = "Pods-MessageList.debug.xcconfig"; path = "Target Support Files/Pods-MessageList/Pods-MessageList.debug.xcconfig"; sourceTree = "<group>"; };
		3CBEB622CEC741F6B41FC888 /* Pods-MessageList.release.xcconfig */ = {isa = PBXFileReference; includeInIndex = 1; lastKnownFileType = text.xcconfig; name = "Pods-MessageList.release.xcconfig"; path = "Target Support Files/Pods-MessageList/Pods-MessageList.release.xcconfig"; sourceTree = "<group>"; };
		44786FD62D36FC45E59215F0 /* Pods-MessageList-MessageListUITests.debug.xcconfig */ = {isa = PBXFileReference; includeInIndex = 1; lastKnownFileType = text.xcconfig; name = "Pods-MessageList-MessageListUITests.debug.xcconfig"; path = "Target Support Files/Pods-MessageList-MessageListUITests/Pods-MessageList-MessageListUITests.debug.xcconfig"; sourceTree = "<group>"; };
		74B28776F75C2610AA7A985D /* Pods-MessageList-MessageListUITests.release.xcconfig */ = {isa = PBXFileReference; includeInIndex = 1; lastKnownFileType = text.xcconfig; name = "Pods-MessageList-MessageListUITests.release.xcconfig"; path = "Target Support Files/Pods-MessageList-MessageListUITests/Pods-MessageList-MessageListUITests.release.xcconfig"; sourceTree = "<group>"; };
		7B0494C4A1CE817BD3C2357D /* Pods_MessageList_MessageListUITests.framework */ = {isa = PBXFileReference; explicitFileType = wrapper.framework; includeInIndex = 0; path = Pods_MessageList_MessageListUITests.framework; sourceTree = BUILT_PRODUCTS_DIR; };
		8363CF1023757ED4005BABD8 /* MessageList.app */ = {isa = PBXFileReference; explicitFileType = wrapper.application; includeInIndex = 0; path = MessageList.app; sourceTree = BUILT_PRODUCTS_DIR; };
		8363CF1323757ED4005BABD8 /* AppDelegate.swift */ = {isa = PBXFileReference; lastKnownFileType = sourcecode.swift; path = AppDelegate.swift; sourceTree = "<group>"; };
		8363CF1523757ED4005BABD8 /* SceneDelegate.swift */ = {isa = PBXFileReference; lastKnownFileType = sourcecode.swift; path = SceneDelegate.swift; sourceTree = "<group>"; };
		8363CF1723757ED4005BABD8 /* ViewController.swift */ = {isa = PBXFileReference; lastKnownFileType = sourcecode.swift; path = ViewController.swift; sourceTree = "<group>"; };
		8363CF1A23757ED4005BABD8 /* Base */ = {isa = PBXFileReference; lastKnownFileType = file.storyboard; name = Base; path = Base.lproj/Main.storyboard; sourceTree = "<group>"; };
		8363CF1C23757ED6005BABD8 /* Assets.xcassets */ = {isa = PBXFileReference; lastKnownFileType = folder.assetcatalog; path = Assets.xcassets; sourceTree = "<group>"; };
		8363CF1F23757ED6005BABD8 /* Base */ = {isa = PBXFileReference; lastKnownFileType = file.storyboard; name = Base; path = Base.lproj/LaunchScreen.storyboard; sourceTree = "<group>"; };
		8363CF2123757ED6005BABD8 /* Info.plist */ = {isa = PBXFileReference; lastKnownFileType = text.plist.xml; path = Info.plist; sourceTree = "<group>"; };
		8363CF2623757ED6005BABD8 /* MessageListUITests.xctest */ = {isa = PBXFileReference; explicitFileType = wrapper.cfbundle; includeInIndex = 0; path = MessageListUITests.xctest; sourceTree = BUILT_PRODUCTS_DIR; };
		8363CF2A23757ED6005BABD8 /* MessageListUITests.swift */ = {isa = PBXFileReference; lastKnownFileType = sourcecode.swift; path = MessageListUITests.swift; sourceTree = "<group>"; };
		8363CF2C23757ED6005BABD8 /* Info.plist */ = {isa = PBXFileReference; lastKnownFileType = text.plist.xml; path = Info.plist; sourceTree = "<group>"; };
		8363CF3523757FE2005BABD8 /* MyTableViewCell.swift */ = {isa = PBXFileReference; fileEncoding = 4; lastKnownFileType = sourcecode.swift; path = MyTableViewCell.swift; sourceTree = "<group>"; };
		E528A3FA2C3396E058BD5E41 /* Pods_MessageList.framework */ = {isa = PBXFileReference; explicitFileType = wrapper.framework; includeInIndex = 0; path = Pods_MessageList.framework; sourceTree = BUILT_PRODUCTS_DIR; };
/* End PBXFileReference section */

/* Begin PBXFrameworksBuildPhase section */
		8363CF0D23757ED4005BABD8 /* Frameworks */ = {
			isa = PBXFrameworksBuildPhase;
			buildActionMask = 2147483647;
			files = (
				65AF877F867D848C4B045CA8 /* Pods_MessageList.framework in Frameworks */,
			);
			runOnlyForDeploymentPostprocessing = 0;
		};
		8363CF2323757ED6005BABD8 /* Frameworks */ = {
			isa = PBXFrameworksBuildPhase;
			buildActionMask = 2147483647;
			files = (
				6C9E256FC0BEBD4DB167B588 /* Pods_MessageList_MessageListUITests.framework in Frameworks */,
			);
			runOnlyForDeploymentPostprocessing = 0;
		};
/* End PBXFrameworksBuildPhase section */

/* Begin PBXGroup section */
		8363CF0723757ED4005BABD8 = {
			isa = PBXGroup;
			children = (
				8363CF1223757ED4005BABD8 /* MessageList */,
				8363CF2923757ED6005BABD8 /* MessageListUITests */,
				8363CF1123757ED4005BABD8 /* Products */,
				D7AFE083149355B77485FFE0 /* Pods */,
				E737E0840AB21762A8068BF6 /* Frameworks */,
			);
			sourceTree = "<group>";
		};
		8363CF1123757ED4005BABD8 /* Products */ = {
			isa = PBXGroup;
			children = (
				8363CF1023757ED4005BABD8 /* MessageList.app */,
				8363CF2623757ED6005BABD8 /* MessageListUITests.xctest */,
			);
			name = Products;
			sourceTree = "<group>";
		};
		8363CF1223757ED4005BABD8 /* MessageList */ = {
			isa = PBXGroup;
			children = (
				8363CF1323757ED4005BABD8 /* AppDelegate.swift */,
				8363CF1523757ED4005BABD8 /* SceneDelegate.swift */,
				8363CF1723757ED4005BABD8 /* ViewController.swift */,
				8363CF3523757FE2005BABD8 /* MyTableViewCell.swift */,
				8363CF1923757ED4005BABD8 /* Main.storyboard */,
				8363CF1C23757ED6005BABD8 /* Assets.xcassets */,
				8363CF1E23757ED6005BABD8 /* LaunchScreen.storyboard */,
				8363CF2123757ED6005BABD8 /* Info.plist */,
			);
			path = MessageList;
			sourceTree = "<group>";
		};
		8363CF2923757ED6005BABD8 /* MessageListUITests */ = {
			isa = PBXGroup;
			children = (
				8363CF2A23757ED6005BABD8 /* MessageListUITests.swift */,
				8363CF2C23757ED6005BABD8 /* Info.plist */,
			);
			path = MessageListUITests;
			sourceTree = "<group>";
		};
		D7AFE083149355B77485FFE0 /* Pods */ = {
			isa = PBXGroup;
			children = (
				284AA826366A9CBE51ADE12D /* Pods-MessageList.debug.xcconfig */,
				3CBEB622CEC741F6B41FC888 /* Pods-MessageList.release.xcconfig */,
				44786FD62D36FC45E59215F0 /* Pods-MessageList-MessageListUITests.debug.xcconfig */,
				74B28776F75C2610AA7A985D /* Pods-MessageList-MessageListUITests.release.xcconfig */,
			);
			path = Pods;
			sourceTree = "<group>";
		};
		E737E0840AB21762A8068BF6 /* Frameworks */ = {
			isa = PBXGroup;
			children = (
				E528A3FA2C3396E058BD5E41 /* Pods_MessageList.framework */,
				7B0494C4A1CE817BD3C2357D /* Pods_MessageList_MessageListUITests.framework */,
			);
			name = Frameworks;
			sourceTree = "<group>";
		};
/* End PBXGroup section */

/* Begin PBXNativeTarget section */
		8363CF0F23757ED4005BABD8 /* MessageList */ = {
			isa = PBXNativeTarget;
			buildConfigurationList = 8363CF2F23757ED6005BABD8 /* Build configuration list for PBXNativeTarget "MessageList" */;
			buildPhases = (
				36C196139AEDEEC0D8FB3C02 /* [CP] Check Pods Manifest.lock */,
				8363CF0C23757ED4005BABD8 /* Sources */,
				8363CF0D23757ED4005BABD8 /* Frameworks */,
				8363CF0E23757ED4005BABD8 /* Resources */,
				B8A94919CE117EEA0ACA5DBA /* [CP] Embed Pods Frameworks */,
			);
			buildRules = (
			);
			dependencies = (
			);
			name = MessageList;
			productName = MessageList;
			productReference = 8363CF1023757ED4005BABD8 /* MessageList.app */;
			productType = "com.apple.product-type.application";
		};
		8363CF2523757ED6005BABD8 /* MessageListUITests */ = {
			isa = PBXNativeTarget;
			buildConfigurationList = 8363CF3223757ED6005BABD8 /* Build configuration list for PBXNativeTarget "MessageListUITests" */;
			buildPhases = (
				4785BA2806BBCC0301621820 /* [CP] Check Pods Manifest.lock */,
				8363CF2223757ED6005BABD8 /* Sources */,
				8363CF2323757ED6005BABD8 /* Frameworks */,
				8363CF2423757ED6005BABD8 /* Resources */,
				A606866AEA61739CFB348BA4 /* [CP] Embed Pods Frameworks */,
			);
			buildRules = (
			);
			dependencies = (
				8363CF2823757ED6005BABD8 /* PBXTargetDependency */,
			);
			name = MessageListUITests;
			productName = MessageListUITests;
			productReference = 8363CF2623757ED6005BABD8 /* MessageListUITests.xctest */;
			productType = "com.apple.product-type.bundle.ui-testing";
		};
/* End PBXNativeTarget section */

/* Begin PBXProject section */
		8363CF0823757ED4005BABD8 /* Project object */ = {
			isa = PBXProject;
			attributes = {
				LastSwiftUpdateCheck = 1110;
				LastUpgradeCheck = 1110;
				ORGANIZATIONNAME = upmer;
				TargetAttributes = {
					8363CF0F23757ED4005BABD8 = {
						CreatedOnToolsVersion = 11.1;
					};
					8363CF2523757ED6005BABD8 = {
						CreatedOnToolsVersion = 11.1;
						TestTargetID = 8363CF0F23757ED4005BABD8;
					};
				};
			};
			buildConfigurationList = 8363CF0B23757ED4005BABD8 /* Build configuration list for PBXProject "MessageList" */;
			compatibilityVersion = "Xcode 9.3";
			developmentRegion = en;
			hasScannedForEncodings = 0;
			knownRegions = (
				en,
				Base,
			);
			mainGroup = 8363CF0723757ED4005BABD8;
			productRefGroup = 8363CF1123757ED4005BABD8 /* Products */;
			projectDirPath = "";
			projectRoot = "";
			targets = (
				8363CF0F23757ED4005BABD8 /* MessageList */,
				8363CF2523757ED6005BABD8 /* MessageListUITests */,
			);
		};
/* End PBXProject section */

/* Begin PBXResourcesBuildPhase section */
		8363CF0E23757ED4005BABD8 /* Resources */ = {
			isa = PBXResourcesBuildPhase;
			buildActionMask = 2147483647;
			files = (
				8363CF2023757ED6005BABD8 /* LaunchScreen.storyboard in Resources */,
				8363CF1D23757ED6005BABD8 /* Assets.xcassets in Resources */,
				8363CF1B23757ED4005BABD8 /* Main.storyboard in Resources */,
			);
			runOnlyForDeploymentPostprocessing = 0;
		};
		8363CF2423757ED6005BABD8 /* Resources */ = {
			isa = PBXResourcesBuildPhase;
			buildActionMask = 2147483647;
			files = (
			);
			runOnlyForDeploymentPostprocessing = 0;
		};
/* End PBXResourcesBuildPhase section */

/* Begin PBXShellScriptBuildPhase section */
		36C196139AEDEEC0D8FB3C02 /* [CP] Check Pods Manifest.lock */ = {
			isa = PBXShellScriptBuildPhase;
			buildActionMask = 2147483647;
			files = (
			);
			inputFileListPaths = (
			);
			inputPaths = (
				"${PODS_PODFILE_DIR_PATH}/Podfile.lock",
				"${PODS_ROOT}/Manifest.lock",
			);
			name = "[CP] Check Pods Manifest.lock";
			outputFileListPaths = (
			);
			outputPaths = (
				"$(DERIVED_FILE_DIR)/Pods-MessageList-checkManifestLockResult.txt",
			);
			runOnlyForDeploymentPostprocessing = 0;
			shellPath = /bin/sh;
			shellScript = "diff \"${PODS_PODFILE_DIR_PATH}/Podfile.lock\" \"${PODS_ROOT}/Manifest.lock\" > /dev/null\nif [ $? != 0 ] ; then\n    # print error to STDERR\n    echo \"error: The sandbox is not in sync with the Podfile.lock. Run 'pod install' or update your CocoaPods installation.\" >&2\n    exit 1\nfi\n# This output is used by Xcode 'outputs' to avoid re-running this script phase.\necho \"SUCCESS\" > \"${SCRIPT_OUTPUT_FILE_0}\"\n";
			showEnvVarsInLog = 0;
		};
		4785BA2806BBCC0301621820 /* [CP] Check Pods Manifest.lock */ = {
			isa = PBXShellScriptBuildPhase;
			buildActionMask = 2147483647;
			files = (
			);
			inputFileListPaths = (
			);
			inputPaths = (
				"${PODS_PODFILE_DIR_PATH}/Podfile.lock",
				"${PODS_ROOT}/Manifest.lock",
			);
			name = "[CP] Check Pods Manifest.lock";
			outputFileListPaths = (
			);
			outputPaths = (
				"$(DERIVED_FILE_DIR)/Pods-MessageList-MessageListUITests-checkManifestLockResult.txt",
			);
			runOnlyForDeploymentPostprocessing = 0;
			shellPath = /bin/sh;
			shellScript = "diff \"${PODS_PODFILE_DIR_PATH}/Podfile.lock\" \"${PODS_ROOT}/Manifest.lock\" > /dev/null\nif [ $? != 0 ] ; then\n    # print error to STDERR\n    echo \"error: The sandbox is not in sync with the Podfile.lock. Run 'pod install' or update your CocoaPods installation.\" >&2\n    exit 1\nfi\n# This output is used by Xcode 'outputs' to avoid re-running this script phase.\necho \"SUCCESS\" > \"${SCRIPT_OUTPUT_FILE_0}\"\n";
			showEnvVarsInLog = 0;
		};
		A606866AEA61739CFB348BA4 /* [CP] Embed Pods Frameworks */ = {
			isa = PBXShellScriptBuildPhase;
			buildActionMask = 2147483647;
			files = (
			);
			inputFileListPaths = (
				"${PODS_ROOT}/Target Support Files/Pods-MessageList-MessageListUITests/Pods-MessageList-MessageListUITests-frameworks-${CONFIGURATION}-input-files.xcfilelist",
			);
			name = "[CP] Embed Pods Frameworks";
			outputFileListPaths = (
				"${PODS_ROOT}/Target Support Files/Pods-MessageList-MessageListUITests/Pods-MessageList-MessageListUITests-frameworks-${CONFIGURATION}-output-files.xcfilelist",
			);
			runOnlyForDeploymentPostprocessing = 0;
			shellPath = /bin/sh;
			shellScript = "\"${PODS_ROOT}/Target Support Files/Pods-MessageList-MessageListUITests/Pods-MessageList-MessageListUITests-frameworks.sh\"\n";
			showEnvVarsInLog = 0;
		};
		B8A94919CE117EEA0ACA5DBA /* [CP] Embed Pods Frameworks */ = {
			isa = PBXShellScriptBuildPhase;
			buildActionMask = 2147483647;
			files = (
			);
			inputFileListPaths = (
				"${PODS_ROOT}/Target Support Files/Pods-MessageList/Pods-MessageList-frameworks-${CONFIGURATION}-input-files.xcfilelist",
			);
			name = "[CP] Embed Pods Frameworks";
			outputFileListPaths = (
				"${PODS_ROOT}/Target Support Files/Pods-MessageList/Pods-MessageList-frameworks-${CONFIGURATION}-output-files.xcfilelist",
			);
			runOnlyForDeploymentPostprocessing = 0;
			shellPath = /bin/sh;
			shellScript = "\"${PODS_ROOT}/Target Support Files/Pods-MessageList/Pods-MessageList-frameworks.sh\"\n";
			showEnvVarsInLog = 0;
		};
/* End PBXShellScriptBuildPhase section */

/* Begin PBXSourcesBuildPhase section */
		8363CF0C23757ED4005BABD8 /* Sources */ = {
			isa = PBXSourcesBuildPhase;
			buildActionMask = 2147483647;
			files = (
				8363CF1823757ED4005BABD8 /* ViewController.swift in Sources */,
				8363CF3623757FE2005BABD8 /* MyTableViewCell.swift in Sources */,
				8363CF1423757ED4005BABD8 /* AppDelegate.swift in Sources */,
				8363CF1623757ED4005BABD8 /* SceneDelegate.swift in Sources */,
			);
			runOnlyForDeploymentPostprocessing = 0;
		};
		8363CF2223757ED6005BABD8 /* Sources */ = {
			isa = PBXSourcesBuildPhase;
			buildActionMask = 2147483647;
			files = (
				8363CF2B23757ED6005BABD8 /* MessageListUITests.swift in Sources */,
			);
			runOnlyForDeploymentPostprocessing = 0;
		};
/* End PBXSourcesBuildPhase section */

/* Begin PBXTargetDependency section */
		8363CF2823757ED6005BABD8 /* PBXTargetDependency */ = {
			isa = PBXTargetDependency;
			target = 8363CF0F23757ED4005BABD8 /* MessageList */;
			targetProxy = 8363CF2723757ED6005BABD8 /* PBXContainerItemProxy */;
		};
/* End PBXTargetDependency section */

/* Begin PBXVariantGroup section */
		8363CF1923757ED4005BABD8 /* Main.storyboard */ = {
			isa = PBXVariantGroup;
			children = (
				8363CF1A23757ED4005BABD8 /* Base */,
			);
			name = Main.storyboard;
			sourceTree = "<group>";
		};
		8363CF1E23757ED6005BABD8 /* LaunchScreen.storyboard */ = {
			isa = PBXVariantGroup;
			children = (
				8363CF1F23757ED6005BABD8 /* Base */,
			);
			name = LaunchScreen.storyboard;
			sourceTree = "<group>";
		};
/* End PBXVariantGroup section */

/* Begin XCBuildConfiguration section */
		8363CF2D23757ED6005BABD8 /* Debug */ = {
			isa = XCBuildConfiguration;
			buildSettings = {
				ALWAYS_SEARCH_USER_PATHS = NO;
				CLANG_ANALYZER_NONNULL = YES;
				CLANG_ANALYZER_NUMBER_OBJECT_CONVERSION = YES_AGGRESSIVE;
				CLANG_CXX_LANGUAGE_STANDARD = "gnu++14";
				CLANG_CXX_LIBRARY = "libc++";
				CLANG_ENABLE_MODULES = YES;
				CLANG_ENABLE_OBJC_ARC = YES;
				CLANG_ENABLE_OBJC_WEAK = YES;
				CLANG_WARN_BLOCK_CAPTURE_AUTORELEASING = YES;
				CLANG_WARN_BOOL_CONVERSION = YES;
				CLANG_WARN_COMMA = YES;
				CLANG_WARN_CONSTANT_CONVERSION = YES;
				CLANG_WARN_DEPRECATED_OBJC_IMPLEMENTATIONS = YES;
				CLANG_WARN_DIRECT_OBJC_ISA_USAGE = YES_ERROR;
				CLANG_WARN_DOCUMENTATION_COMMENTS = YES;
				CLANG_WARN_EMPTY_BODY = YES;
				CLANG_WARN_ENUM_CONVERSION = YES;
				CLANG_WARN_INFINITE_RECURSION = YES;
				CLANG_WARN_INT_CONVERSION = YES;
				CLANG_WARN_NON_LITERAL_NULL_CONVERSION = YES;
				CLANG_WARN_OBJC_IMPLICIT_RETAIN_SELF = YES;
				CLANG_WARN_OBJC_LITERAL_CONVERSION = YES;
				CLANG_WARN_OBJC_ROOT_CLASS = YES_ERROR;
				CLANG_WARN_RANGE_LOOP_ANALYSIS = YES;
				CLANG_WARN_STRICT_PROTOTYPES = YES;
				CLANG_WARN_SUSPICIOUS_MOVE = YES;
				CLANG_WARN_UNGUARDED_AVAILABILITY = YES_AGGRESSIVE;
				CLANG_WARN_UNREACHABLE_CODE = YES;
				CLANG_WARN__DUPLICATE_METHOD_MATCH = YES;
				COPY_PHASE_STRIP = NO;
				DEBUG_INFORMATION_FORMAT = dwarf;
				ENABLE_STRICT_OBJC_MSGSEND = YES;
				ENABLE_TESTABILITY = YES;
				GCC_C_LANGUAGE_STANDARD = gnu11;
				GCC_DYNAMIC_NO_PIC = NO;
				GCC_NO_COMMON_BLOCKS = YES;
				GCC_OPTIMIZATION_LEVEL = 0;
				GCC_PREPROCESSOR_DEFINITIONS = (
					"DEBUG=1",
					"$(inherited)",
				);
				GCC_WARN_64_TO_32_BIT_CONVERSION = YES;
				GCC_WARN_ABOUT_RETURN_TYPE = YES_ERROR;
				GCC_WARN_UNDECLARED_SELECTOR = YES;
				GCC_WARN_UNINITIALIZED_AUTOS = YES_AGGRESSIVE;
				GCC_WARN_UNUSED_FUNCTION = YES;
				GCC_WARN_UNUSED_VARIABLE = YES;
				IPHONEOS_DEPLOYMENT_TARGET = 13.0;
				MTL_ENABLE_DEBUG_INFO = INCLUDE_SOURCE;
				MTL_FAST_MATH = YES;
				ONLY_ACTIVE_ARCH = YES;
				SDKROOT = iphoneos;
				SWIFT_ACTIVE_COMPILATION_CONDITIONS = DEBUG;
				SWIFT_OPTIMIZATION_LEVEL = "-Onone";
			};
			name = Debug;
		};
		8363CF2E23757ED6005BABD8 /* Release */ = {
			isa = XCBuildConfiguration;
			buildSettings = {
				ALWAYS_SEARCH_USER_PATHS = NO;
				CLANG_ANALYZER_NONNULL = YES;
				CLANG_ANALYZER_NUMBER_OBJECT_CONVERSION = YES_AGGRESSIVE;
				CLANG_CXX_LANGUAGE_STANDARD = "gnu++14";
				CLANG_CXX_LIBRARY = "libc++";
				CLANG_ENABLE_MODULES = YES;
				CLANG_ENABLE_OBJC_ARC = YES;
				CLANG_ENABLE_OBJC_WEAK = YES;
				CLANG_WARN_BLOCK_CAPTURE_AUTORELEASING = YES;
				CLANG_WARN_BOOL_CONVERSION = YES;
				CLANG_WARN_COMMA = YES;
				CLANG_WARN_CONSTANT_CONVERSION = YES;
				CLANG_WARN_DEPRECATED_OBJC_IMPLEMENTATIONS = YES;
				CLANG_WARN_DIRECT_OBJC_ISA_USAGE = YES_ERROR;
				CLANG_WARN_DOCUMENTATION_COMMENTS = YES;
				CLANG_WARN_EMPTY_BODY = YES;
				CLANG_WARN_ENUM_CONVERSION = YES;
				CLANG_WARN_INFINITE_RECURSION = YES;
				CLANG_WARN_INT_CONVERSION = YES;
				CLANG_WARN_NON_LITERAL_NULL_CONVERSION = YES;
				CLANG_WARN_OBJC_IMPLICIT_RETAIN_SELF = YES;
				CLANG_WARN_OBJC_LITERAL_CONVERSION = YES;
				CLANG_WARN_OBJC_ROOT_CLASS = YES_ERROR;
				CLANG_WARN_RANGE_LOOP_ANALYSIS = YES;
				CLANG_WARN_STRICT_PROTOTYPES = YES;
				CLANG_WARN_SUSPICIOUS_MOVE = YES;
				CLANG_WARN_UNGUARDED_AVAILABILITY = YES_AGGRESSIVE;
				CLANG_WARN_UNREACHABLE_CODE = YES;
				CLANG_WARN__DUPLICATE_METHOD_MATCH = YES;
				COPY_PHASE_STRIP = NO;
				DEBUG_INFORMATION_FORMAT = "dwarf-with-dsym";
				ENABLE_NS_ASSERTIONS = NO;
				ENABLE_STRICT_OBJC_MSGSEND = YES;
				GCC_C_LANGUAGE_STANDARD = gnu11;
				GCC_NO_COMMON_BLOCKS = YES;
				GCC_WARN_64_TO_32_BIT_CONVERSION = YES;
				GCC_WARN_ABOUT_RETURN_TYPE = YES_ERROR;
				GCC_WARN_UNDECLARED_SELECTOR = YES;
				GCC_WARN_UNINITIALIZED_AUTOS = YES_AGGRESSIVE;
				GCC_WARN_UNUSED_FUNCTION = YES;
				GCC_WARN_UNUSED_VARIABLE = YES;
				IPHONEOS_DEPLOYMENT_TARGET = 13.0;
				MTL_ENABLE_DEBUG_INFO = NO;
				MTL_FAST_MATH = YES;
				SDKROOT = iphoneos;
				SWIFT_COMPILATION_MODE = wholemodule;
				SWIFT_OPTIMIZATION_LEVEL = "-O";
				VALIDATE_PRODUCT = YES;
			};
			name = Release;
		};
		8363CF3023757ED6005BABD8 /* Debug */ = {
			isa = XCBuildConfiguration;
			baseConfigurationReference = 284AA826366A9CBE51ADE12D /* Pods-MessageList.debug.xcconfig */;
			buildSettings = {
				ASSETCATALOG_COMPILER_APPICON_NAME = AppIcon;
				CODE_SIGN_STYLE = Automatic;
				DEVELOPMENT_TEAM = 5ZPQVN5FJW;
				INFOPLIST_FILE = MessageList/Info.plist;
				LD_RUNPATH_SEARCH_PATHS = (
					"$(inherited)",
					"@executable_path/Frameworks",
				);
				PRODUCT_BUNDLE_IDENTIFIER = com.upmer.MessageList;
				PRODUCT_NAME = "$(TARGET_NAME)";
				SWIFT_VERSION = 5.0;
				TARGETED_DEVICE_FAMILY = "1,2";
			};
			name = Debug;
		};
		8363CF3123757ED6005BABD8 /* Release */ = {
			isa = XCBuildConfiguration;
			baseConfigurationReference = 3CBEB622CEC741F6B41FC888 /* Pods-MessageList.release.xcconfig */;
			buildSettings = {
				ASSETCATALOG_COMPILER_APPICON_NAME = AppIcon;
				CODE_SIGN_STYLE = Automatic;
				DEVELOPMENT_TEAM = 5ZPQVN5FJW;
				INFOPLIST_FILE = MessageList/Info.plist;
				LD_RUNPATH_SEARCH_PATHS = (
					"$(inherited)",
					"@executable_path/Frameworks",
				);
				PRODUCT_BUNDLE_IDENTIFIER = com.upmer.MessageList;
				PRODUCT_NAME = "$(TARGET_NAME)";
				SWIFT_VERSION = 5.0;
				TARGETED_DEVICE_FAMILY = "1,2";
			};
			name = Release;
		};
		8363CF3323757ED6005BABD8 /* Debug */ = {
			isa = XCBuildConfiguration;
			baseConfigurationReference = 44786FD62D36FC45E59215F0 /* Pods-MessageList-MessageListUITests.debug.xcconfig */;
			buildSettings = {
				ALWAYS_EMBED_SWIFT_STANDARD_LIBRARIES = YES;
				CODE_SIGN_STYLE = Automatic;
				DEVELOPMENT_TEAM = 5ZPQVN5FJW;
				INFOPLIST_FILE = MessageListUITests/Info.plist;
				LD_RUNPATH_SEARCH_PATHS = (
					"$(inherited)",
					"@executable_path/Frameworks",
					"@loader_path/Frameworks",
				);
				PRODUCT_BUNDLE_IDENTIFIER = com.upmer.MessageListUITests;
				PRODUCT_NAME = "$(TARGET_NAME)";
				SWIFT_VERSION = 5.0;
				TARGETED_DEVICE_FAMILY = "1,2";
				TEST_TARGET_NAME = MessageList;
			};
			name = Debug;
		};
		8363CF3423757ED6005BABD8 /* Release */ = {
			isa = XCBuildConfiguration;
			baseConfigurationReference = 74B28776F75C2610AA7A985D /* Pods-MessageList-MessageListUITests.release.xcconfig */;
			buildSettings = {
				ALWAYS_EMBED_SWIFT_STANDARD_LIBRARIES = YES;
				CODE_SIGN_STYLE = Automatic;
				DEVELOPMENT_TEAM = 5ZPQVN5FJW;
				INFOPLIST_FILE = MessageListUITests/Info.plist;
				LD_RUNPATH_SEARCH_PATHS = (
					"$(inherited)",
					"@executable_path/Frameworks",
					"@loader_path/Frameworks",
				);
				PRODUCT_BUNDLE_IDENTIFIER = com.upmer.MessageListUITests;
				PRODUCT_NAME = "$(TARGET_NAME)";
				SWIFT_VERSION = 5.0;
				TARGETED_DEVICE_FAMILY = "1,2";
				TEST_TARGET_NAME = MessageList;
			};
			name = Release;
		};
/* End XCBuildConfiguration section */

/* Begin XCConfigurationList section */
		8363CF0B23757ED4005BABD8 /* Build configuration list for PBXProject "MessageList" */ = {
			isa = XCConfigurationList;
			buildConfigurations = (
				8363CF2D23757ED6005BABD8 /* Debug */,
				8363CF2E23757ED6005BABD8 /* Release */,
			);
			defaultConfigurationIsVisible = 0;
			defaultConfigurationName = Release;
		};
		8363CF2F23757ED6005BABD8 /* Build configuration list for PBXNativeTarget "MessageList" */ = {
			isa = XCConfigurationList;
			buildConfigurations = (
				8363CF3023757ED6005BABD8 /* Debug */,
				8363CF3123757ED6005BABD8 /* Release */,
			);
			defaultConfigurationIsVisible = 0;
			defaultConfigurationName = Release;
		};
		8363CF3223757ED6005BABD8 /* Build configuration list for PBXNativeTarget "MessageListUITests" */ = {
			isa = XCConfigurationList;
			buildConfigurations = (
				8363CF3323757ED6005BABD8 /* Debug */,
				8363CF3423757ED6005BABD8 /* Release */,
			);
			defaultConfigurationIsVisible = 0;
			defaultConfigurationName = Release;
		};
/* End XCConfigurationList section */
	};
	rootObject = 8363CF0823757ED4005BABD8 /* Project object */;
}
